
Microsoft Visual Studio Solution File, Format Version 12.00
# Visual Studio Version 17
VisualStudioVersion = 17.4.33205.214
MinimumVisualStudioVersion = 10.0.40219.1
Project("{FAE04EC0-301F-11D3-BF4B-00C04F79EFBC}") = "Zhang.WenXiangFederico.4h.threads", "Zhang.WenXiangFederico.4h.threads\Zhang.WenXiangFederico.4h.threads.csproj", "{AAAA1C16-3AE8-453E-B0D8-5933B3E5DB61}"
EndProject
Global
	GlobalSection(SolutionConfigurationPlatforms) = preSolution
		Debug|Any CPU = Debug|Any CPU
		Release|Any CPU = Release|Any CPU
	EndGlobalSection
	GlobalSection(ProjectConfigurationPlatforms) = postSolution
		{AAAA1C16-3AE8-453E-B0D8-5933B3E5DB61}.Debug|Any CPU.ActiveCfg = Debug|Any CPU
		{AAAA1C16-3AE8-453E-B0D8-5933B3E5DB61}.Debug|Any CPU.Build.0 = Debug|Any CPU
		{AAAA1C16-3AE8-453E-B0D8-5933B3E5DB61}.Release|Any CPU.ActiveCfg = Release|Any CPU
		{AAAA1C16-3AE8-453E-B0D8-5933B3E5DB61}.Release|Any CPU.Build.0 = Release|Any CPU
	EndGlobalSection
	GlobalSection(SolutionProperties) = preSolution
		HideSolutionNode = FALSE
	EndGlobalSection
	GlobalSection(ExtensibilityGlobals) = postSolution
		SolutionGuid = {73CBBD0E-0D59-4DEF-9872-310239853525}
	EndGlobalSection
EndGlobal
